// !$*UTF8*$!
{
	archiveVersion = 1;
	classes = {
	};
	objectVersion = 56;
	objects = {

/* Begin PBXBuildFile section */
		632AB6CD299EB318008BE7DB /* GiphySearchApp.swift in Sources */ = {isa = PBXBuildFile; fileRef = 632AB6CC299EB318008BE7DB /* GiphySearchApp.swift */; };
		632AB6CF299EB318008BE7DB /* ContentView.swift in Sources */ = {isa = PBXBuildFile; fileRef = 632AB6CE299EB318008BE7DB /* ContentView.swift */; };
		632AB6D1299EB31A008BE7DB /* Assets.xcassets in Resources */ = {isa = PBXBuildFile; fileRef = 632AB6D0299EB31A008BE7DB /* Assets.xcassets */; };
		632AB6D4299EB31A008BE7DB /* Preview Assets.xcassets in Resources */ = {isa = PBXBuildFile; fileRef = 632AB6D3299EB31A008BE7DB /* Preview Assets.xcassets */; };
		632AB6DE299EB31B008BE7DB /* GiphySearchTests.swift in Sources */ = {isa = PBXBuildFile; fileRef = 632AB6DD299EB31B008BE7DB /* GiphySearchTests.swift */; };
		632AB6E8299EB31B008BE7DB /* GiphySearchUITests.swift in Sources */ = {isa = PBXBuildFile; fileRef = 632AB6E7299EB31B008BE7DB /* GiphySearchUITests.swift */; };
		632AB6EA299EB31B008BE7DB /* GiphySearchUITestsLaunchTests.swift in Sources */ = {isa = PBXBuildFile; fileRef = 632AB6E9299EB31B008BE7DB /* GiphySearchUITestsLaunchTests.swift */; };
/* End PBXBuildFile section */

/* Begin PBXContainerItemProxy section */
		632AB6DA299EB31B008BE7DB /* PBXContainerItemProxy */ = {
			isa = PBXContainerItemProxy;
			containerPortal = 632AB6C1299EB318008BE7DB /* Project object */;
			proxyType = 1;
			remoteGlobalIDString = 632AB6C8299EB318008BE7DB;
			remoteInfo = GiphySearch;
		};
		632AB6E4299EB31B008BE7DB /* PBXContainerItemProxy */ = {
			isa = PBXContainerItemProxy;
			containerPortal = 632AB6C1299EB318008BE7DB /* Project object */;
			proxyType = 1;
			remoteGlobalIDString = 632AB6C8299EB318008BE7DB;
			remoteInfo = GiphySearch;
		};
/* End PBXContainerItemProxy section */

/* Begin PBXFileReference section */
		632AB6C9299EB318008BE7DB /* GiphySearch.app */ = {isa = PBXFileReference; explicitFileType = wrapper.application; includeInIndex = 0; path = GiphySearch.app; sourceTree = BUILT_PRODUCTS_DIR; };
		632AB6CC299EB318008BE7DB /* GiphySearchApp.swift */ = {isa = PBXFileReference; lastKnownFileType = sourcecode.swift; path = GiphySearchApp.swift; sourceTree = "<group>"; };
		632AB6CE299EB318008BE7DB /* ContentView.swift */ = {isa = PBXFileReference; lastKnownFileType = sourcecode.swift; path = ContentView.swift; sourceTree = "<group>"; };
		632AB6D0299EB31A008BE7DB /* Assets.xcassets */ = {isa = PBXFileReference; lastKnownFileType = folder.assetcatalog; path = Assets.xcassets; sourceTree = "<group>"; };
		632AB6D3299EB31A008BE7DB /* Preview Assets.xcassets */ = {isa = PBXFileReference; lastKnownFileType = folder.assetcatalog; path = "Preview Assets.xcassets"; sourceTree = "<group>"; };
		632AB6D9299EB31B008BE7DB /* GiphySearchTests.xctest */ = {isa = PBXFileReference; explicitFileType = wrapper.cfbundle; includeInIndex = 0; path = GiphySearchTests.xctest; sourceTree = BUILT_PRODUCTS_DIR; };
		632AB6DD299EB31B008BE7DB /* GiphySearchTests.swift */ = {isa = PBXFileReference; lastKnownFileType = sourcecode.swift; path = GiphySearchTests.swift; sourceTree = "<group>"; };
		632AB6E3299EB31B008BE7DB /* GiphySearchUITests.xctest */ = {isa = PBXFileReference; explicitFileType = wrapper.cfbundle; includeInIndex = 0; path = GiphySearchUITests.xctest; sourceTree = BUILT_PRODUCTS_DIR; };
		632AB6E7299EB31B008BE7DB /* GiphySearchUITests.swift */ = {isa = PBXFileReference; lastKnownFileType = sourcecode.swift; path = GiphySearchUITests.swift; sourceTree = "<group>"; };
		632AB6E9299EB31B008BE7DB /* GiphySearchUITestsLaunchTests.swift */ = {isa = PBXFileReference; lastKnownFileType = sourcecode.swift; path = GiphySearchUITestsLaunchTests.swift; sourceTree = "<group>"; };
/* End PBXFileReference section */

/* Begin PBXFrameworksBuildPhase section */
		632AB6C6299EB318008BE7DB /* Frameworks */ = {
			isa = PBXFrameworksBuildPhase;
			buildActionMask = 2147483647;
			files = (
			);
			runOnlyForDeploymentPostprocessing = 0;
		};
		632AB6D6299EB31B008BE7DB /* Frameworks */ = {
			isa = PBXFrameworksBuildPhase;
			buildActionMask = 2147483647;
			files = (
			);
			runOnlyForDeploymentPostprocessing = 0;
		};
		632AB6E0299EB31B008BE7DB /* Frameworks */ = {
			isa = PBXFrameworksBuildPhase;
			buildActionMask = 2147483647;
			files = (
			);
			runOnlyForDeploymentPostprocessing = 0;
		};
/* End PBXFrameworksBuildPhase section */

/* Begin PBXGroup section */
		632AB6C0299EB318008BE7DB = {
			isa = PBXGroup;
			children = (
				632AB6CB299EB318008BE7DB /* GiphySearch */,
				632AB6DC299EB31B008BE7DB /* GiphySearchTests */,
				632AB6E6299EB31B008BE7DB /* GiphySearchUITests */,
				632AB6CA299EB318008BE7DB /* Products */,
			);
			sourceTree = "<group>";
		};
		632AB6CA299EB318008BE7DB /* Products */ = {
			isa = PBXGroup;
			children = (
				632AB6C9299EB318008BE7DB /* GiphySearch.app */,
				632AB6D9299EB31B008BE7DB /* GiphySearchTests.xctest */,
				632AB6E3299EB31B008BE7DB /* GiphySearchUITests.xctest */,
			);
			name = Products;
			sourceTree = "<group>";
		};
		632AB6CB299EB318008BE7DB /* GiphySearch */ = {
			isa = PBXGroup;
			children = (
				632AB6CC299EB318008BE7DB /* GiphySearchApp.swift */,
				632AB6CE299EB318008BE7DB /* ContentView.swift */,
				632AB6D0299EB31A008BE7DB /* Assets.xcassets */,
				632AB6D2299EB31A008BE7DB /* Preview Content */,
			);
			path = GiphySearch;
			sourceTree = "<group>";
		};
		632AB6D2299EB31A008BE7DB /* Preview Content */ = {
			isa = PBXGroup;
			children = (
				632AB6D3299EB31A008BE7DB /* Preview Assets.xcassets */,
			);
			path = "Preview Content";
			sourceTree = "<group>";
		};
		632AB6DC299EB31B008BE7DB /* GiphySearchTests */ = {
			isa = PBXGroup;
			children = (
				632AB6DD299EB31B008BE7DB /* GiphySearchTests.swift */,
			);
			path = GiphySearchTests;
			sourceTree = "<group>";
		};
		632AB6E6299EB31B008BE7DB /* GiphySearchUITests */ = {
			isa = PBXGroup;
			children = (
				632AB6E7299EB31B008BE7DB /* GiphySearchUITests.swift */,
				632AB6E9299EB31B008BE7DB /* GiphySearchUITestsLaunchTests.swift */,
			);
			path = GiphySearchUITests;
			sourceTree = "<group>";
		};
/* End PBXGroup section */

/* Begin PBXNativeTarget section */
		632AB6C8299EB318008BE7DB /* GiphySearch */ = {
			isa = PBXNativeTarget;
			buildConfigurationList = 632AB6ED299EB31B008BE7DB /* Build configuration list for PBXNativeTarget "GiphySearch" */;
			buildPhases = (
				632AB6C5299EB318008BE7DB /* Sources */,
				632AB6C6299EB318008BE7DB /* Frameworks */,
				632AB6C7299EB318008BE7DB /* Resources */,
			);
			buildRules = (
			);
			dependencies = (
			);
			name = GiphySearch;
			productName = GiphySearch;
			productReference = 632AB6C9299EB318008BE7DB /* GiphySearch.app */;
			productType = "com.apple.product-type.application";
		};
		632AB6D8299EB31B008BE7DB /* GiphySearchTests */ = {
			isa = PBXNativeTarget;
			buildConfigurationList = 632AB6F0299EB31B008BE7DB /* Build configuration list for PBXNativeTarget "GiphySearchTests" */;
			buildPhases = (
				632AB6D5299EB31B008BE7DB /* Sources */,
				632AB6D6299EB31B008BE7DB /* Frameworks */,
				632AB6D7299EB31B008BE7DB /* Resources */,
			);
			buildRules = (
			);
			dependencies = (
				632AB6DB299EB31B008BE7DB /* PBXTargetDependency */,
			);
			name = GiphySearchTests;
			productName = GiphySearchTests;
			productReference = 632AB6D9299EB31B008BE7DB /* GiphySearchTests.xctest */;
			productType = "com.apple.product-type.bundle.unit-test";
		};
		632AB6E2299EB31B008BE7DB /* GiphySearchUITests */ = {
			isa = PBXNativeTarget;
			buildConfigurationList = 632AB6F3299EB31B008BE7DB /* Build configuration list for PBXNativeTarget "GiphySearchUITests" */;
			buildPhases = (
				632AB6DF299EB31B008BE7DB /* Sources */,
				632AB6E0299EB31B008BE7DB /* Frameworks */,
				632AB6E1299EB31B008BE7DB /* Resources */,
			);
			buildRules = (
			);
			dependencies = (
				632AB6E5299EB31B008BE7DB /* PBXTargetDependency */,
			);
			name = GiphySearchUITests;
			productName = GiphySearchUITests;
			productReference = 632AB6E3299EB31B008BE7DB /* GiphySearchUITests.xctest */;
			productType = "com.apple.product-type.bundle.ui-testing";
		};
/* End PBXNativeTarget section */

/* Begin PBXProject section */
		632AB6C1299EB318008BE7DB /* Project object */ = {
			isa = PBXProject;
			attributes = {
				BuildIndependentTargetsInParallel = 1;
				LastSwiftUpdateCheck = 1420;
				LastUpgradeCheck = 1420;
				TargetAttributes = {
					632AB6C8299EB318008BE7DB = {
						CreatedOnToolsVersion = 14.2;
					};
					632AB6D8299EB31B008BE7DB = {
						CreatedOnToolsVersion = 14.2;
						TestTargetID = 632AB6C8299EB318008BE7DB;
					};
					632AB6E2299EB31B008BE7DB = {
						CreatedOnToolsVersion = 14.2;
						TestTargetID = 632AB6C8299EB318008BE7DB;
					};
				};
			};
			buildConfigurationList = 632AB6C4299EB318008BE7DB /* Build configuration list for PBXProject "GiphySearch" */;
			compatibilityVersion = "Xcode 14.0";
			developmentRegion = en;
			hasScannedForEncodings = 0;
			knownRegions = (
				en,
				Base,
			);
			mainGroup = 632AB6C0299EB318008BE7DB;
			productRefGroup = 632AB6CA299EB318008BE7DB /* Products */;
			projectDirPath = "";
			projectRoot = "";
			targets = (
				632AB6C8299EB318008BE7DB /* GiphySearch */,
				632AB6D8299EB31B008BE7DB /* GiphySearchTests */,
				632AB6E2299EB31B008BE7DB /* GiphySearchUITests */,
			);
		};
/* End PBXProject section */

/* Begin PBXResourcesBuildPhase section */
		632AB6C7299EB318008BE7DB /* Resources */ = {
			isa = PBXResourcesBuildPhase;
			buildActionMask = 2147483647;
			files = (
				632AB6D4299EB31A008BE7DB /* Preview Assets.xcassets in Resources */,
				632AB6D1299EB31A008BE7DB /* Assets.xcassets in Resources */,
			);
			runOnlyForDeploymentPostprocessing = 0;
		};
		632AB6D7299EB31B008BE7DB /* Resources */ = {
			isa = PBXResourcesBuildPhase;
			buildActionMask = 2147483647;
			files = (
			);
			runOnlyForDeploymentPostprocessing = 0;
		};
		632AB6E1299EB31B008BE7DB /* Resources */ = {
			isa = PBXResourcesBuildPhase;
			buildActionMask = 2147483647;
			files = (
			);
			runOnlyForDeploymentPostprocessing = 0;
		};
/* End PBXResourcesBuildPhase section */

/* Begin PBXSourcesBuildPhase section */
		632AB6C5299EB318008BE7DB /* Sources */ = {
			isa = PBXSourcesBuildPhase;
			buildActionMask = 2147483647;
			files = (
				632AB6CF299EB318008BE7DB /* ContentView.swift in Sources */,
				632AB6CD299EB318008BE7DB /* GiphySearchApp.swift in Sources */,
			);
			runOnlyForDeploymentPostprocessing = 0;
		};
		632AB6D5299EB31B008BE7DB /* Sources */ = {
			isa = PBXSourcesBuildPhase;
			buildActionMask = 2147483647;
			files = (
				632AB6DE299EB31B008BE7DB /* GiphySearchTests.swift in Sources */,
			);
			runOnlyForDeploymentPostprocessing = 0;
		};
		632AB6DF299EB31B008BE7DB /* Sources */ = {
			isa = PBXSourcesBuildPhase;
			buildActionMask = 2147483647;
			files = (
				632AB6EA299EB31B008BE7DB /* GiphySearchUITestsLaunchTests.swift in Sources */,
				632AB6E8299EB31B008BE7DB /* GiphySearchUITests.swift in Sources */,
			);
			runOnlyForDeploymentPostprocessing = 0;
		};
/* End PBXSourcesBuildPhase section */

/* Begin PBXTargetDependency section */
		632AB6DB299EB31B008BE7DB /* PBXTargetDependency */ = {
			isa = PBXTargetDependency;
			target = 632AB6C8299EB318008BE7DB /* GiphySearch */;
			targetProxy = 632AB6DA299EB31B008BE7DB /* PBXContainerItemProxy */;
		};
		632AB6E5299EB31B008BE7DB /* PBXTargetDependency */ = {
			isa = PBXTargetDependency;
			target = 632AB6C8299EB318008BE7DB /* GiphySearch */;
			targetProxy = 632AB6E4299EB31B008BE7DB /* PBXContainerItemProxy */;
		};
/* End PBXTargetDependency section */

/* Begin XCBuildConfiguration section */
		632AB6EB299EB31B008BE7DB /* Debug */ = {
			isa = XCBuildConfiguration;
			buildSettings = {
				ALWAYS_SEARCH_USER_PATHS = NO;
				CLANG_ANALYZER_NONNULL = YES;
				CLANG_ANALYZER_NUMBER_OBJECT_CONVERSION = YES_AGGRESSIVE;
				CLANG_CXX_LANGUAGE_STANDARD = "gnu++20";
				CLANG_ENABLE_MODULES = YES;
				CLANG_ENABLE_OBJC_ARC = YES;
				CLANG_ENABLE_OBJC_WEAK = YES;
				CLANG_WARN_BLOCK_CAPTURE_AUTORELEASING = YES;
				CLANG_WARN_BOOL_CONVERSION = YES;
				CLANG_WARN_COMMA = YES;
				CLANG_WARN_CONSTANT_CONVERSION = YES;
				CLANG_WARN_DEPRECATED_OBJC_IMPLEMENTATIONS = YES;
				CLANG_WARN_DIRECT_OBJC_ISA_USAGE = YES_ERROR;
				CLANG_WARN_DOCUMENTATION_COMMENTS = YES;
				CLANG_WARN_EMPTY_BODY = YES;
				CLANG_WARN_ENUM_CONVERSION = YES;
				CLANG_WARN_INFINITE_RECURSION = YES;
				CLANG_WARN_INT_CONVERSION = YES;
				CLANG_WARN_NON_LITERAL_NULL_CONVERSION = YES;
				CLANG_WARN_OBJC_IMPLICIT_RETAIN_SELF = YES;
				CLANG_WARN_OBJC_LITERAL_CONVERSION = YES;
				CLANG_WARN_OBJC_ROOT_CLASS = YES_ERROR;
				CLANG_WARN_QUOTED_INCLUDE_IN_FRAMEWORK_HEADER = YES;
				CLANG_WARN_RANGE_LOOP_ANALYSIS = YES;
				CLANG_WARN_STRICT_PROTOTYPES = YES;
				CLANG_WARN_SUSPICIOUS_MOVE = YES;
				CLANG_WARN_UNGUARDED_AVAILABILITY = YES_AGGRESSIVE;
				CLANG_WARN_UNREACHABLE_CODE = YES;
				CLANG_WARN__DUPLICATE_METHOD_MATCH = YES;
				COPY_PHASE_STRIP = NO;
				DEBUG_INFORMATION_FORMAT = dwarf;
				ENABLE_STRICT_OBJC_MSGSEND = YES;
				ENABLE_TESTABILITY = YES;
				GCC_C_LANGUAGE_STANDARD = gnu11;
				GCC_DYNAMIC_NO_PIC = NO;
				GCC_NO_COMMON_BLOCKS = YES;
				GCC_OPTIMIZATION_LEVEL = 0;
				GCC_PREPROCESSOR_DEFINITIONS = (
					"DEBUG=1",
					"$(inherited)",
				);
				GCC_WARN_64_TO_32_BIT_CONVERSION = YES;
				GCC_WARN_ABOUT_RETURN_TYPE = YES_ERROR;
				GCC_WARN_UNDECLARED_SELECTOR = YES;
				GCC_WARN_UNINITIALIZED_AUTOS = YES_AGGRESSIVE;
				GCC_WARN_UNUSED_FUNCTION = YES;
				GCC_WARN_UNUSED_VARIABLE = YES;
				IPHONEOS_DEPLOYMENT_TARGET = 16.2;
				MTL_ENABLE_DEBUG_INFO = INCLUDE_SOURCE;
				MTL_FAST_MATH = YES;
				ONLY_ACTIVE_ARCH = YES;
				SDKROOT = iphoneos;
				SWIFT_ACTIVE_COMPILATION_CONDITIONS = DEBUG;
				SWIFT_OPTIMIZATION_LEVEL = "-Onone";
			};
			name = Debug;
		};
		632AB6EC299EB31B008BE7DB /* Release */ = {
			isa = XCBuildConfiguration;
			buildSettings = {
				ALWAYS_SEARCH_USER_PATHS = NO;
				CLANG_ANALYZER_NONNULL = YES;
				CLANG_ANALYZER_NUMBER_OBJECT_CONVERSION = YES_AGGRESSIVE;
				CLANG_CXX_LANGUAGE_STANDARD = "gnu++20";
				CLANG_ENABLE_MODULES = YES;
				CLANG_ENABLE_OBJC_ARC = YES;
				CLANG_ENABLE_OBJC_WEAK = YES;
				CLANG_WARN_BLOCK_CAPTURE_AUTORELEASING = YES;
				CLANG_WARN_BOOL_CONVERSION = YES;
				CLANG_WARN_COMMA = YES;
				CLANG_WARN_CONSTANT_CONVERSION = YES;
				CLANG_WARN_DEPRECATED_OBJC_IMPLEMENTATIONS = YES;
				CLANG_WARN_DIRECT_OBJC_ISA_USAGE = YES_ERROR;
				CLANG_WARN_DOCUMENTATION_COMMENTS = YES;
				CLANG_WARN_EMPTY_BODY = YES;
				CLANG_WARN_ENUM_CONVERSION = YES;
				CLANG_WARN_INFINITE_RECURSION = YES;
				CLANG_WARN_INT_CONVERSION = YES;
				CLANG_WARN_NON_LITERAL_NULL_CONVERSION = YES;
				CLANG_WARN_OBJC_IMPLICIT_RETAIN_SELF = YES;
				CLANG_WARN_OBJC_LITERAL_CONVERSION = YES;
				CLANG_WARN_OBJC_ROOT_CLASS = YES_ERROR;
				CLANG_WARN_QUOTED_INCLUDE_IN_FRAMEWORK_HEADER = YES;
				CLANG_WARN_RANGE_LOOP_ANALYSIS = YES;
				CLANG_WARN_STRICT_PROTOTYPES = YES;
				CLANG_WARN_SUSPICIOUS_MOVE = YES;
				CLANG_WARN_UNGUARDED_AVAILABILITY = YES_AGGRESSIVE;
				CLANG_WARN_UNREACHABLE_CODE = YES;
				CLANG_WARN__DUPLICATE_METHOD_MATCH = YES;
				COPY_PHASE_STRIP = NO;
				DEBUG_INFORMATION_FORMAT = "dwarf-with-dsym";
				ENABLE_NS_ASSERTIONS = NO;
				ENABLE_STRICT_OBJC_MSGSEND = YES;
				GCC_C_LANGUAGE_STANDARD = gnu11;
				GCC_NO_COMMON_BLOCKS = YES;
				GCC_WARN_64_TO_32_BIT_CONVERSION = YES;
				GCC_WARN_ABOUT_RETURN_TYPE = YES_ERROR;
				GCC_WARN_UNDECLARED_SELECTOR = YES;
				GCC_WARN_UNINITIALIZED_AUTOS = YES_AGGRESSIVE;
				GCC_WARN_UNUSED_FUNCTION = YES;
				GCC_WARN_UNUSED_VARIABLE = YES;
				IPHONEOS_DEPLOYMENT_TARGET = 16.2;
				MTL_ENABLE_DEBUG_INFO = NO;
				MTL_FAST_MATH = YES;
				SDKROOT = iphoneos;
				SWIFT_COMPILATION_MODE = wholemodule;
				SWIFT_OPTIMIZATION_LEVEL = "-O";
				VALIDATE_PRODUCT = YES;
			};
			name = Release;
		};
		632AB6EE299EB31B008BE7DB /* Debug */ = {
			isa = XCBuildConfiguration;
			buildSettings = {
				ASSETCATALOG_COMPILER_APPICON_NAME = AppIcon;
				ASSETCATALOG_COMPILER_GLOBAL_ACCENT_COLOR_NAME = AccentColor;
				CODE_SIGN_STYLE = Automatic;
				CURRENT_PROJECT_VERSION = 1;
				DEVELOPMENT_ASSET_PATHS = "\"GiphySearch/Preview Content\"";
				ENABLE_PREVIEWS = YES;
				GENERATE_INFOPLIST_FILE = YES;
				INFOPLIST_KEY_UIApplicationSceneManifest_Generation = YES;
				INFOPLIST_KEY_UIApplicationSupportsIndirectInputEvents = YES;
				INFOPLIST_KEY_UILaunchScreen_Generation = YES;
				INFOPLIST_KEY_UISupportedInterfaceOrientations_iPad = "UIInterfaceOrientationPortrait UIInterfaceOrientationPortraitUpsideDown UIInterfaceOrientationLandscapeLeft UIInterfaceOrientationLandscapeRight";
				INFOPLIST_KEY_UISupportedInterfaceOrientations_iPhone = "UIInterfaceOrientationPortrait UIInterfaceOrientationLandscapeLeft UIInterfaceOrientationLandscapeRight";
				LD_RUNPATH_SEARCH_PATHS = (
					"$(inherited)",
					"@executable_path/Frameworks",
				);
				MARKETING_VERSION = 1.0;
				PRODUCT_BUNDLE_IDENTIFIER = KSInterview.GiphySearch;
				PRODUCT_NAME = "$(TARGET_NAME)";
				SWIFT_EMIT_LOC_STRINGS = YES;
				SWIFT_VERSION = 5.0;
				TARGETED_DEVICE_FAMILY = "1,2";
			};
			name = Debug;
		};
		632AB6EF299EB31B008BE7DB /* Release */ = {
			isa = XCBuildConfiguration;
			buildSettings = {
				ASSETCATALOG_COMPILER_APPICON_NAME = AppIcon;
				ASSETCATALOG_COMPILER_GLOBAL_ACCENT_COLOR_NAME = AccentColor;
				CODE_SIGN_STYLE = Automatic;
				CURRENT_PROJECT_VERSION = 1;
				DEVELOPMENT_ASSET_PATHS = "\"GiphySearch/Preview Content\"";
				ENABLE_PREVIEWS = YES;
				GENERATE_INFOPLIST_FILE = YES;
				INFOPLIST_KEY_UIApplicationSceneManifest_Generation = YES;
				INFOPLIST_KEY_UIApplicationSupportsIndirectInputEvents = YES;
				INFOPLIST_KEY_UILaunchScreen_Generation = YES;
				INFOPLIST_KEY_UISupportedInterfaceOrientations_iPad = "UIInterfaceOrientationPortrait UIInterfaceOrientationPortraitUpsideDown UIInterfaceOrientationLandscapeLeft UIInterfaceOrientationLandscapeRight";
				INFOPLIST_KEY_UISupportedInterfaceOrientations_iPhone = "UIInterfaceOrientationPortrait UIInterfaceOrientationLandscapeLeft UIInterfaceOrientationLandscapeRight";
				LD_RUNPATH_SEARCH_PATHS = (
					"$(inherited)",
					"@executable_path/Frameworks",
				);
				MARKETING_VERSION = 1.0;
				PRODUCT_BUNDLE_IDENTIFIER = KSInterview.GiphySearch;
				PRODUCT_NAME = "$(TARGET_NAME)";
				SWIFT_EMIT_LOC_STRINGS = YES;
				SWIFT_VERSION = 5.0;
				TARGETED_DEVICE_FAMILY = "1,2";
			};
			name = Release;
		};
		632AB6F1299EB31B008BE7DB /* Debug */ = {
			isa = XCBuildConfiguration;
			buildSettings = {
				ALWAYS_EMBED_SWIFT_STANDARD_LIBRARIES = YES;
				BUNDLE_LOADER = "$(TEST_HOST)";
				CODE_SIGN_STYLE = Automatic;
				CURRENT_PROJECT_VERSION = 1;
				GENERATE_INFOPLIST_FILE = YES;
				IPHONEOS_DEPLOYMENT_TARGET = 16.2;
				MARKETING_VERSION = 1.0;
				PRODUCT_BUNDLE_IDENTIFIER = KSInterview.GiphySearchTests;
				PRODUCT_NAME = "$(TARGET_NAME)";
				SWIFT_EMIT_LOC_STRINGS = NO;
				SWIFT_VERSION = 5.0;
				TARGETED_DEVICE_FAMILY = "1,2";
				TEST_HOST = "$(BUILT_PRODUCTS_DIR)/GiphySearch.app/$(BUNDLE_EXECUTABLE_FOLDER_PATH)/GiphySearch";
			};
			name = Debug;
		};
		632AB6F2299EB31B008BE7DB /* Release */ = {
			isa = XCBuildConfiguration;
			buildSettings = {
				ALWAYS_EMBED_SWIFT_STANDARD_LIBRARIES = YES;
				BUNDLE_LOADER = "$(TEST_HOST)";
				CODE_SIGN_STYLE = Automatic;
				CURRENT_PROJECT_VERSION = 1;
				GENERATE_INFOPLIST_FILE = YES;
				IPHONEOS_DEPLOYMENT_TARGET = 16.2;
				MARKETING_VERSION = 1.0;
				PRODUCT_BUNDLE_IDENTIFIER = KSInterview.GiphySearchTests;
				PRODUCT_NAME = "$(TARGET_NAME)";
				SWIFT_EMIT_LOC_STRINGS = NO;
				SWIFT_VERSION = 5.0;
				TARGETED_DEVICE_FAMILY = "1,2";
				TEST_HOST = "$(BUILT_PRODUCTS_DIR)/GiphySearch.app/$(BUNDLE_EXECUTABLE_FOLDER_PATH)/GiphySearch";
			};
			name = Release;
		};
		632AB6F4299EB31B008BE7DB /* Debug */ = {
			isa = XCBuildConfiguration;
			buildSettings = {
				ALWAYS_EMBED_SWIFT_STANDARD_LIBRARIES = YES;
				CODE_SIGN_STYLE = Automatic;
				CURRENT_PROJECT_VERSION = 1;
				GENERATE_INFOPLIST_FILE = YES;
				MARKETING_VERSION = 1.0;
				PRODUCT_BUNDLE_IDENTIFIER = KSInterview.GiphySearchUITests;
				PRODUCT_NAME = "$(TARGET_NAME)";
				SWIFT_EMIT_LOC_STRINGS = NO;
				SWIFT_VERSION = 5.0;
				TARGETED_DEVICE_FAMILY = "1,2";
				TEST_TARGET_NAME = GiphySearch;
			};
			name = Debug;
		};
		632AB6F5299EB31B008BE7DB /* Release */ = {
			isa = XCBuildConfiguration;
			buildSettings = {
				ALWAYS_EMBED_SWIFT_STANDARD_LIBRARIES = YES;
				CODE_SIGN_STYLE = Automatic;
				CURRENT_PROJECT_VERSION = 1;
				GENERATE_INFOPLIST_FILE = YES;
				MARKETING_VERSION = 1.0;
				PRODUCT_BUNDLE_IDENTIFIER = KSInterview.GiphySearchUITests;
				PRODUCT_NAME = "$(TARGET_NAME)";
				SWIFT_EMIT_LOC_STRINGS = NO;
				SWIFT_VERSION = 5.0;
				TARGETED_DEVICE_FAMILY = "1,2";
				TEST_TARGET_NAME = GiphySearch;
			};
			name = Release;
		};
/* End XCBuildConfiguration section */

/* Begin XCConfigurationList section */
		632AB6C4299EB318008BE7DB /* Build configuration list for PBXProject "GiphySearch" */ = {
			isa = XCConfigurationList;
			buildConfigurations = (
				632AB6EB299EB31B008BE7DB /* Debug */,
				632AB6EC299EB31B008BE7DB /* Release */,
			);
			defaultConfigurationIsVisible = 0;
			defaultConfigurationName = Release;
		};
		632AB6ED299EB31B008BE7DB /* Build configuration list for PBXNativeTarget "GiphySearch" */ = {
			isa = XCConfigurationList;
			buildConfigurations = (
				632AB6EE299EB31B008BE7DB /* Debug */,
				632AB6EF299EB31B008BE7DB /* Release */,
			);
			defaultConfigurationIsVisible = 0;
			defaultConfigurationName = Release;
		};
		632AB6F0299EB31B008BE7DB /* Build configuration list for PBXNativeTarget "GiphySearchTests" */ = {
			isa = XCConfigurationList;
			buildConfigurations = (
				632AB6F1299EB31B008BE7DB /* Debug */,
				632AB6F2299EB31B008BE7DB /* Release */,
			);
			defaultConfigurationIsVisible = 0;
			defaultConfigurationName = Release;
		};
		632AB6F3299EB31B008BE7DB /* Build configuration list for PBXNativeTarget "GiphySearchUITests" */ = {
			isa = XCConfigurationList;
			buildConfigurations = (
				632AB6F4299EB31B008BE7DB /* Debug */,
				632AB6F5299EB31B008BE7DB /* Release */,
			);
			defaultConfigurationIsVisible = 0;
			defaultConfigurationName = Release;
		};
/* End XCConfigurationList section */
	};
	rootObject = 632AB6C1299EB318008BE7DB /* Project object */;
}
